// !$*UTF8*$!
{
	archiveVersion = 1;
	classes = {
	};
	objectVersion = 56;
	objects = {

/* Begin PBXBuildFile section */
		CA1D91EF2C2F63AA003E0579 /* frootApp.swift in Sources */ = {isa = PBXBuildFile; fileRef = CA1D91EE2C2F63AA003E0579 /* frootApp.swift */; };
		CA1D91F12C2F63AA003E0579 /* ContentView.swift in Sources */ = {isa = PBXBuildFile; fileRef = CA1D91F02C2F63AA003E0579 /* ContentView.swift */; };
		CA1D91F32C2F63B4003E0579 /* Assets.xcassets in Resources */ = {isa = PBXBuildFile; fileRef = CA1D91F22C2F63B4003E0579 /* Assets.xcassets */; };
		CA1D91F62C2F63B4003E0579 /* Preview Assets.xcassets in Resources */ = {isa = PBXBuildFile; fileRef = CA1D91F52C2F63B4003E0579 /* Preview Assets.xcassets */; };
		CA1D92002C2F63B5003E0579 /* frootTests.swift in Sources */ = {isa = PBXBuildFile; fileRef = CA1D91FF2C2F63B5003E0579 /* frootTests.swift */; };
		CA1D920A2C2F63B5003E0579 /* frootUITests.swift in Sources */ = {isa = PBXBuildFile; fileRef = CA1D92092C2F63B5003E0579 /* frootUITests.swift */; };
		CA1D920C2C2F63B5003E0579 /* frootUITestsLaunchTests.swift in Sources */ = {isa = PBXBuildFile; fileRef = CA1D920B2C2F63B5003E0579 /* frootUITestsLaunchTests.swift */; };
/* End PBXBuildFile section */

/* Begin PBXContainerItemProxy section */
		CA1D91FC2C2F63B5003E0579 /* PBXContainerItemProxy */ = {
			isa = PBXContainerItemProxy;
			containerPortal = CA1D91E32C2F63AA003E0579 /* Project object */;
			proxyType = 1;
			remoteGlobalIDString = CA1D91EA2C2F63AA003E0579;
			remoteInfo = froot;
		};
		CA1D92062C2F63B5003E0579 /* PBXContainerItemProxy */ = {
			isa = PBXContainerItemProxy;
			containerPortal = CA1D91E32C2F63AA003E0579 /* Project object */;
			proxyType = 1;
			remoteGlobalIDString = CA1D91EA2C2F63AA003E0579;
			remoteInfo = froot;
		};
/* End PBXContainerItemProxy section */

/* Begin PBXFileReference section */
		CA1D91EB2C2F63AA003E0579 /* froot.app */ = {isa = PBXFileReference; explicitFileType = wrapper.application; includeInIndex = 0; path = froot.app; sourceTree = BUILT_PRODUCTS_DIR; };
		CA1D91EE2C2F63AA003E0579 /* frootApp.swift */ = {isa = PBXFileReference; lastKnownFileType = sourcecode.swift; path = frootApp.swift; sourceTree = "<group>"; };
		CA1D91F02C2F63AA003E0579 /* ContentView.swift */ = {isa = PBXFileReference; lastKnownFileType = sourcecode.swift; path = ContentView.swift; sourceTree = "<group>"; };
		CA1D91F22C2F63B4003E0579 /* Assets.xcassets */ = {isa = PBXFileReference; lastKnownFileType = folder.assetcatalog; path = Assets.xcassets; sourceTree = "<group>"; };
		CA1D91F52C2F63B4003E0579 /* Preview Assets.xcassets */ = {isa = PBXFileReference; lastKnownFileType = folder.assetcatalog; path = "Preview Assets.xcassets"; sourceTree = "<group>"; };
		CA1D91FB2C2F63B5003E0579 /* frootTests.xctest */ = {isa = PBXFileReference; explicitFileType = wrapper.cfbundle; includeInIndex = 0; path = frootTests.xctest; sourceTree = BUILT_PRODUCTS_DIR; };
		CA1D91FF2C2F63B5003E0579 /* frootTests.swift */ = {isa = PBXFileReference; lastKnownFileType = sourcecode.swift; path = frootTests.swift; sourceTree = "<group>"; };
		CA1D92052C2F63B5003E0579 /* frootUITests.xctest */ = {isa = PBXFileReference; explicitFileType = wrapper.cfbundle; includeInIndex = 0; path = frootUITests.xctest; sourceTree = BUILT_PRODUCTS_DIR; };
		CA1D92092C2F63B5003E0579 /* frootUITests.swift */ = {isa = PBXFileReference; lastKnownFileType = sourcecode.swift; path = frootUITests.swift; sourceTree = "<group>"; };
		CA1D920B2C2F63B5003E0579 /* frootUITestsLaunchTests.swift */ = {isa = PBXFileReference; lastKnownFileType = sourcecode.swift; path = frootUITestsLaunchTests.swift; sourceTree = "<group>"; };
/* End PBXFileReference section */

/* Begin PBXFrameworksBuildPhase section */
		CA1D91E82C2F63AA003E0579 /* Frameworks */ = {
			isa = PBXFrameworksBuildPhase;
			buildActionMask = 2147483647;
			files = (
			);
			runOnlyForDeploymentPostprocessing = 0;
		};
		CA1D91F82C2F63B5003E0579 /* Frameworks */ = {
			isa = PBXFrameworksBuildPhase;
			buildActionMask = 2147483647;
			files = (
			);
			runOnlyForDeploymentPostprocessing = 0;
		};
		CA1D92022C2F63B5003E0579 /* Frameworks */ = {
			isa = PBXFrameworksBuildPhase;
			buildActionMask = 2147483647;
			files = (
			);
			runOnlyForDeploymentPostprocessing = 0;
		};
/* End PBXFrameworksBuildPhase section */

/* Begin PBXGroup section */
		CA1D91E22C2F63AA003E0579 = {
			isa = PBXGroup;
			children = (
				CA1D91ED2C2F63AA003E0579 /* froot */,
				CA1D91FE2C2F63B5003E0579 /* frootTests */,
				CA1D92082C2F63B5003E0579 /* frootUITests */,
				CA1D91EC2C2F63AA003E0579 /* Products */,
			);
			sourceTree = "<group>";
		};
		CA1D91EC2C2F63AA003E0579 /* Products */ = {
			isa = PBXGroup;
			children = (
				CA1D91EB2C2F63AA003E0579 /* froot.app */,
				CA1D91FB2C2F63B5003E0579 /* frootTests.xctest */,
				CA1D92052C2F63B5003E0579 /* frootUITests.xctest */,
			);
			name = Products;
			sourceTree = "<group>";
		};
		CA1D91ED2C2F63AA003E0579 /* froot */ = {
			isa = PBXGroup;
			children = (
				CA1D91EE2C2F63AA003E0579 /* frootApp.swift */,
				CA1D91F02C2F63AA003E0579 /* ContentView.swift */,
				CA1D91F22C2F63B4003E0579 /* Assets.xcassets */,
				CA1D91F42C2F63B4003E0579 /* Preview Content */,
			);
			path = froot;
			sourceTree = "<group>";
		};
		CA1D91F42C2F63B4003E0579 /* Preview Content */ = {
			isa = PBXGroup;
			children = (
				CA1D91F52C2F63B4003E0579 /* Preview Assets.xcassets */,
			);
			path = "Preview Content";
			sourceTree = "<group>";
		};
		CA1D91FE2C2F63B5003E0579 /* frootTests */ = {
			isa = PBXGroup;
			children = (
				CA1D91FF2C2F63B5003E0579 /* frootTests.swift */,
			);
			path = frootTests;
			sourceTree = "<group>";
		};
		CA1D92082C2F63B5003E0579 /* frootUITests */ = {
			isa = PBXGroup;
			children = (
				CA1D92092C2F63B5003E0579 /* frootUITests.swift */,
				CA1D920B2C2F63B5003E0579 /* frootUITestsLaunchTests.swift */,
			);
			path = frootUITests;
			sourceTree = "<group>";
		};
/* End PBXGroup section */

/* Begin PBXNativeTarget section */
		CA1D91EA2C2F63AA003E0579 /* froot */ = {
			isa = PBXNativeTarget;
			buildConfigurationList = CA1D920F2C2F63B6003E0579 /* Build configuration list for PBXNativeTarget "froot" */;
			buildPhases = (
				CA1D91E72C2F63AA003E0579 /* Sources */,
				CA1D91E82C2F63AA003E0579 /* Frameworks */,
				CA1D91E92C2F63AA003E0579 /* Resources */,
			);
			buildRules = (
			);
			dependencies = (
			);
			name = froot;
			productName = froot;
			productReference = CA1D91EB2C2F63AA003E0579 /* froot.app */;
			productType = "com.apple.product-type.application";
		};
		CA1D91FA2C2F63B5003E0579 /* frootTests */ = {
			isa = PBXNativeTarget;
			buildConfigurationList = CA1D92122C2F63B6003E0579 /* Build configuration list for PBXNativeTarget "frootTests" */;
			buildPhases = (
				CA1D91F72C2F63B5003E0579 /* Sources */,
				CA1D91F82C2F63B5003E0579 /* Frameworks */,
				CA1D91F92C2F63B5003E0579 /* Resources */,
			);
			buildRules = (
			);
			dependencies = (
				CA1D91FD2C2F63B5003E0579 /* PBXTargetDependency */,
			);
			name = frootTests;
			productName = frootTests;
			productReference = CA1D91FB2C2F63B5003E0579 /* frootTests.xctest */;
			productType = "com.apple.product-type.bundle.unit-test";
		};
		CA1D92042C2F63B5003E0579 /* frootUITests */ = {
			isa = PBXNativeTarget;
			buildConfigurationList = CA1D92152C2F63B6003E0579 /* Build configuration list for PBXNativeTarget "frootUITests" */;
			buildPhases = (
				CA1D92012C2F63B5003E0579 /* Sources */,
				CA1D92022C2F63B5003E0579 /* Frameworks */,
				CA1D92032C2F63B5003E0579 /* Resources */,
			);
			buildRules = (
			);
			dependencies = (
				CA1D92072C2F63B5003E0579 /* PBXTargetDependency */,
			);
			name = frootUITests;
			productName = frootUITests;
			productReference = CA1D92052C2F63B5003E0579 /* frootUITests.xctest */;
			productType = "com.apple.product-type.bundle.ui-testing";
		};
/* End PBXNativeTarget section */

/* Begin PBXProject section */
		CA1D91E32C2F63AA003E0579 /* Project object */ = {
			isa = PBXProject;
			attributes = {
				BuildIndependentTargetsInParallel = 1;
				LastSwiftUpdateCheck = 1420;
				LastUpgradeCheck = 1420;
				TargetAttributes = {
					CA1D91EA2C2F63AA003E0579 = {
						CreatedOnToolsVersion = 14.2;
					};
					CA1D91FA2C2F63B5003E0579 = {
						CreatedOnToolsVersion = 14.2;
						TestTargetID = CA1D91EA2C2F63AA003E0579;
					};
					CA1D92042C2F63B5003E0579 = {
						CreatedOnToolsVersion = 14.2;
						TestTargetID = CA1D91EA2C2F63AA003E0579;
					};
				};
			};
			buildConfigurationList = CA1D91E62C2F63AA003E0579 /* Build configuration list for PBXProject "froot" */;
			compatibilityVersion = "Xcode 14.0";
			developmentRegion = en;
			hasScannedForEncodings = 0;
			knownRegions = (
				en,
				Base,
			);
			mainGroup = CA1D91E22C2F63AA003E0579;
			productRefGroup = CA1D91EC2C2F63AA003E0579 /* Products */;
			projectDirPath = "";
			projectRoot = "";
			targets = (
				CA1D91EA2C2F63AA003E0579 /* froot */,
				CA1D91FA2C2F63B5003E0579 /* frootTests */,
				CA1D92042C2F63B5003E0579 /* frootUITests */,
			);
		};
/* End PBXProject section */

/* Begin PBXResourcesBuildPhase section */
		CA1D91E92C2F63AA003E0579 /* Resources */ = {
			isa = PBXResourcesBuildPhase;
			buildActionMask = 2147483647;
			files = (
				CA1D91F62C2F63B4003E0579 /* Preview Assets.xcassets in Resources */,
				CA1D91F32C2F63B4003E0579 /* Assets.xcassets in Resources */,
			);
			runOnlyForDeploymentPostprocessing = 0;
		};
		CA1D91F92C2F63B5003E0579 /* Resources */ = {
			isa = PBXResourcesBuildPhase;
			buildActionMask = 2147483647;
			files = (
			);
			runOnlyForDeploymentPostprocessing = 0;
		};
		CA1D92032C2F63B5003E0579 /* Resources */ = {
			isa = PBXResourcesBuildPhase;
			buildActionMask = 2147483647;
			files = (
			);
			runOnlyForDeploymentPostprocessing = 0;
		};
/* End PBXResourcesBuildPhase section */

/* Begin PBXSourcesBuildPhase section */
		CA1D91E72C2F63AA003E0579 /* Sources */ = {
			isa = PBXSourcesBuildPhase;
			buildActionMask = 2147483647;
			files = (
				CA1D91F12C2F63AA003E0579 /* ContentView.swift in Sources */,
				CA1D91EF2C2F63AA003E0579 /* frootApp.swift in Sources */,
			);
			runOnlyForDeploymentPostprocessing = 0;
		};
		CA1D91F72C2F63B5003E0579 /* Sources */ = {
			isa = PBXSourcesBuildPhase;
			buildActionMask = 2147483647;
			files = (
				CA1D92002C2F63B5003E0579 /* frootTests.swift in Sources */,
			);
			runOnlyForDeploymentPostprocessing = 0;
		};
		CA1D92012C2F63B5003E0579 /* Sources */ = {
			isa = PBXSourcesBuildPhase;
			buildActionMask = 2147483647;
			files = (
				CA1D920A2C2F63B5003E0579 /* frootUITests.swift in Sources */,
				CA1D920C2C2F63B5003E0579 /* frootUITestsLaunchTests.swift in Sources */,
			);
			runOnlyForDeploymentPostprocessing = 0;
		};
/* End PBXSourcesBuildPhase section */

/* Begin PBXTargetDependency section */
		CA1D91FD2C2F63B5003E0579 /* PBXTargetDependency */ = {
			isa = PBXTargetDependency;
			target = CA1D91EA2C2F63AA003E0579 /* froot */;
			targetProxy = CA1D91FC2C2F63B5003E0579 /* PBXContainerItemProxy */;
		};
		CA1D92072C2F63B5003E0579 /* PBXTargetDependency */ = {
			isa = PBXTargetDependency;
			target = CA1D91EA2C2F63AA003E0579 /* froot */;
			targetProxy = CA1D92062C2F63B5003E0579 /* PBXContainerItemProxy */;
		};
/* End PBXTargetDependency section */

/* Begin XCBuildConfiguration section */
		CA1D920D2C2F63B5003E0579 /* Debug */ = {
			isa = XCBuildConfiguration;
			buildSettings = {
				ALWAYS_SEARCH_USER_PATHS = NO;
				CLANG_ANALYZER_NONNULL = YES;
				CLANG_ANALYZER_NUMBER_OBJECT_CONVERSION = YES_AGGRESSIVE;
				CLANG_CXX_LANGUAGE_STANDARD = "gnu++20";
				CLANG_ENABLE_MODULES = YES;
				CLANG_ENABLE_OBJC_ARC = YES;
				CLANG_ENABLE_OBJC_WEAK = YES;
				CLANG_WARN_BLOCK_CAPTURE_AUTORELEASING = YES;
				CLANG_WARN_BOOL_CONVERSION = YES;
				CLANG_WARN_COMMA = YES;
				CLANG_WARN_CONSTANT_CONVERSION = YES;
				CLANG_WARN_DEPRECATED_OBJC_IMPLEMENTATIONS = YES;
				CLANG_WARN_DIRECT_OBJC_ISA_USAGE = YES_ERROR;
				CLANG_WARN_DOCUMENTATION_COMMENTS = YES;
				CLANG_WARN_EMPTY_BODY = YES;
				CLANG_WARN_ENUM_CONVERSION = YES;
				CLANG_WARN_INFINITE_RECURSION = YES;
				CLANG_WARN_INT_CONVERSION = YES;
				CLANG_WARN_NON_LITERAL_NULL_CONVERSION = YES;
				CLANG_WARN_OBJC_IMPLICIT_RETAIN_SELF = YES;
				CLANG_WARN_OBJC_LITERAL_CONVERSION = YES;
				CLANG_WARN_OBJC_ROOT_CLASS = YES_ERROR;
				CLANG_WARN_QUOTED_INCLUDE_IN_FRAMEWORK_HEADER = YES;
				CLANG_WARN_RANGE_LOOP_ANALYSIS = YES;
				CLANG_WARN_STRICT_PROTOTYPES = YES;
				CLANG_WARN_SUSPICIOUS_MOVE = YES;
				CLANG_WARN_UNGUARDED_AVAILABILITY = YES_AGGRESSIVE;
				CLANG_WARN_UNREACHABLE_CODE = YES;
				CLANG_WARN__DUPLICATE_METHOD_MATCH = YES;
				COPY_PHASE_STRIP = NO;
				DEBUG_INFORMATION_FORMAT = dwarf;
				ENABLE_STRICT_OBJC_MSGSEND = YES;
				ENABLE_TESTABILITY = YES;
				GCC_C_LANGUAGE_STANDARD = gnu11;
				GCC_DYNAMIC_NO_PIC = NO;
				GCC_NO_COMMON_BLOCKS = YES;
				GCC_OPTIMIZATION_LEVEL = 0;
				GCC_PREPROCESSOR_DEFINITIONS = (
					"DEBUG=1",
					"$(inherited)",
				);
				GCC_WARN_64_TO_32_BIT_CONVERSION = YES;
				GCC_WARN_ABOUT_RETURN_TYPE = YES_ERROR;
				GCC_WARN_UNDECLARED_SELECTOR = YES;
				GCC_WARN_UNINITIALIZED_AUTOS = YES_AGGRESSIVE;
				GCC_WARN_UNUSED_FUNCTION = YES;
				GCC_WARN_UNUSED_VARIABLE = YES;
				IPHONEOS_DEPLOYMENT_TARGET = 16.2;
				MTL_ENABLE_DEBUG_INFO = INCLUDE_SOURCE;
				MTL_FAST_MATH = YES;
				ONLY_ACTIVE_ARCH = YES;
				SDKROOT = iphoneos;
				SWIFT_ACTIVE_COMPILATION_CONDITIONS = DEBUG;
				SWIFT_OPTIMIZATION_LEVEL = "-Onone";
			};
			name = Debug;
		};
		CA1D920E2C2F63B5003E0579 /* Release */ = {
			isa = XCBuildConfiguration;
			buildSettings = {
				ALWAYS_SEARCH_USER_PATHS = NO;
				CLANG_ANALYZER_NONNULL = YES;
				CLANG_ANALYZER_NUMBER_OBJECT_CONVERSION = YES_AGGRESSIVE;
				CLANG_CXX_LANGUAGE_STANDARD = "gnu++20";
				CLANG_ENABLE_MODULES = YES;
				CLANG_ENABLE_OBJC_ARC = YES;
				CLANG_ENABLE_OBJC_WEAK = YES;
				CLANG_WARN_BLOCK_CAPTURE_AUTORELEASING = YES;
				CLANG_WARN_BOOL_CONVERSION = YES;
				CLANG_WARN_COMMA = YES;
				CLANG_WARN_CONSTANT_CONVERSION = YES;
				CLANG_WARN_DEPRECATED_OBJC_IMPLEMENTATIONS = YES;
				CLANG_WARN_DIRECT_OBJC_ISA_USAGE = YES_ERROR;
				CLANG_WARN_DOCUMENTATION_COMMENTS = YES;
				CLANG_WARN_EMPTY_BODY = YES;
				CLANG_WARN_ENUM_CONVERSION = YES;
				CLANG_WARN_INFINITE_RECURSION = YES;
				CLANG_WARN_INT_CONVERSION = YES;
				CLANG_WARN_NON_LITERAL_NULL_CONVERSION = YES;
				CLANG_WARN_OBJC_IMPLICIT_RETAIN_SELF = YES;
				CLANG_WARN_OBJC_LITERAL_CONVERSION = YES;
				CLANG_WARN_OBJC_ROOT_CLASS = YES_ERROR;
				CLANG_WARN_QUOTED_INCLUDE_IN_FRAMEWORK_HEADER = YES;
				CLANG_WARN_RANGE_LOOP_ANALYSIS = YES;
				CLANG_WARN_STRICT_PROTOTYPES = YES;
				CLANG_WARN_SUSPICIOUS_MOVE = YES;
				CLANG_WARN_UNGUARDED_AVAILABILITY = YES_AGGRESSIVE;
				CLANG_WARN_UNREACHABLE_CODE = YES;
				CLANG_WARN__DUPLICATE_METHOD_MATCH = YES;
				COPY_PHASE_STRIP = NO;
				DEBUG_INFORMATION_FORMAT = "dwarf-with-dsym";
				ENABLE_NS_ASSERTIONS = NO;
				ENABLE_STRICT_OBJC_MSGSEND = YES;
				GCC_C_LANGUAGE_STANDARD = gnu11;
				GCC_NO_COMMON_BLOCKS = YES;
				GCC_WARN_64_TO_32_BIT_CONVERSION = YES;
				GCC_WARN_ABOUT_RETURN_TYPE = YES_ERROR;
				GCC_WARN_UNDECLARED_SELECTOR = YES;
				GCC_WARN_UNINITIALIZED_AUTOS = YES_AGGRESSIVE;
				GCC_WARN_UNUSED_FUNCTION = YES;
				GCC_WARN_UNUSED_VARIABLE = YES;
				IPHONEOS_DEPLOYMENT_TARGET = 16.2;
				MTL_ENABLE_DEBUG_INFO = NO;
				MTL_FAST_MATH = YES;
				SDKROOT = iphoneos;
				SWIFT_COMPILATION_MODE = wholemodule;
				SWIFT_OPTIMIZATION_LEVEL = "-O";
				VALIDATE_PRODUCT = YES;
			};
			name = Release;
		};
		CA1D92102C2F63B6003E0579 /* Debug */ = {
			isa = XCBuildConfiguration;
			buildSettings = {
				ASSETCATALOG_COMPILER_APPICON_NAME = AppIcon;
				ASSETCATALOG_COMPILER_GLOBAL_ACCENT_COLOR_NAME = AccentColor;
				CODE_SIGN_STYLE = Automatic;
				CURRENT_PROJECT_VERSION = 1;
				DEVELOPMENT_ASSET_PATHS = "\"froot/Preview Content\"";
				ENABLE_PREVIEWS = YES;
				GENERATE_INFOPLIST_FILE = YES;
				INFOPLIST_KEY_UIApplicationSceneManifest_Generation = YES;
				INFOPLIST_KEY_UIApplicationSupportsIndirectInputEvents = YES;
				INFOPLIST_KEY_UILaunchScreen_Generation = YES;
				INFOPLIST_KEY_UISupportedInterfaceOrientations_iPad = "UIInterfaceOrientationPortrait UIInterfaceOrientationPortraitUpsideDown UIInterfaceOrientationLandscapeLeft UIInterfaceOrientationLandscapeRight";
				INFOPLIST_KEY_UISupportedInterfaceOrientations_iPhone = "UIInterfaceOrientationPortrait UIInterfaceOrientationLandscapeLeft UIInterfaceOrientationLandscapeRight";
				LD_RUNPATH_SEARCH_PATHS = (
					"$(inherited)",
					"@executable_path/Frameworks",
				);
				MARKETING_VERSION = 1.0;
				PRODUCT_BUNDLE_IDENTIFIER = froot.froot;
				PRODUCT_NAME = "$(TARGET_NAME)";
				SWIFT_EMIT_LOC_STRINGS = YES;
				SWIFT_VERSION = 5.0;
				TARGETED_DEVICE_FAMILY = "1,2";
			};
			name = Debug;
		};
		CA1D92112C2F63B6003E0579 /* Release */ = {
			isa = XCBuildConfiguration;
			buildSettings = {
				ASSETCATALOG_COMPILER_APPICON_NAME = AppIcon;
				ASSETCATALOG_COMPILER_GLOBAL_ACCENT_COLOR_NAME = AccentColor;
				CODE_SIGN_STYLE = Automatic;
				CURRENT_PROJECT_VERSION = 1;
				DEVELOPMENT_ASSET_PATHS = "\"froot/Preview Content\"";
				ENABLE_PREVIEWS = YES;
				GENERATE_INFOPLIST_FILE = YES;
				INFOPLIST_KEY_UIApplicationSceneManifest_Generation = YES;
				INFOPLIST_KEY_UIApplicationSupportsIndirectInputEvents = YES;
				INFOPLIST_KEY_UILaunchScreen_Generation = YES;
				INFOPLIST_KEY_UISupportedInterfaceOrientations_iPad = "UIInterfaceOrientationPortrait UIInterfaceOrientationPortraitUpsideDown UIInterfaceOrientationLandscapeLeft UIInterfaceOrientationLandscapeRight";
				INFOPLIST_KEY_UISupportedInterfaceOrientations_iPhone = "UIInterfaceOrientationPortrait UIInterfaceOrientationLandscapeLeft UIInterfaceOrientationLandscapeRight";
				LD_RUNPATH_SEARCH_PATHS = (
					"$(inherited)",
					"@executable_path/Frameworks",
				);
				MARKETING_VERSION = 1.0;
				PRODUCT_BUNDLE_IDENTIFIER = froot.froot;
				PRODUCT_NAME = "$(TARGET_NAME)";
				SWIFT_EMIT_LOC_STRINGS = YES;
				SWIFT_VERSION = 5.0;
				TARGETED_DEVICE_FAMILY = "1,2";
			};
			name = Release;
		};
		CA1D92132C2F63B6003E0579 /* Debug */ = {
			isa = XCBuildConfiguration;
			buildSettings = {
				ALWAYS_EMBED_SWIFT_STANDARD_LIBRARIES = YES;
				BUNDLE_LOADER = "$(TEST_HOST)";
				CODE_SIGN_STYLE = Automatic;
				CURRENT_PROJECT_VERSION = 1;
				GENERATE_INFOPLIST_FILE = YES;
				IPHONEOS_DEPLOYMENT_TARGET = 16.2;
				MARKETING_VERSION = 1.0;
				PRODUCT_BUNDLE_IDENTIFIER = froot.frootTests;
				PRODUCT_NAME = "$(TARGET_NAME)";
				SWIFT_EMIT_LOC_STRINGS = NO;
				SWIFT_VERSION = 5.0;
				TARGETED_DEVICE_FAMILY = "1,2";
				TEST_HOST = "$(BUILT_PRODUCTS_DIR)/froot.app/$(BUNDLE_EXECUTABLE_FOLDER_PATH)/froot";
			};
			name = Debug;
		};
		CA1D92142C2F63B6003E0579 /* Release */ = {
			isa = XCBuildConfiguration;
			buildSettings = {
				ALWAYS_EMBED_SWIFT_STANDARD_LIBRARIES = YES;
				BUNDLE_LOADER = "$(TEST_HOST)";
				CODE_SIGN_STYLE = Automatic;
				CURRENT_PROJECT_VERSION = 1;
				GENERATE_INFOPLIST_FILE = YES;
				IPHONEOS_DEPLOYMENT_TARGET = 16.2;
				MARKETING_VERSION = 1.0;
				PRODUCT_BUNDLE_IDENTIFIER = froot.frootTests;
				PRODUCT_NAME = "$(TARGET_NAME)";
				SWIFT_EMIT_LOC_STRINGS = NO;
				SWIFT_VERSION = 5.0;
				TARGETED_DEVICE_FAMILY = "1,2";
				TEST_HOST = "$(BUILT_PRODUCTS_DIR)/froot.app/$(BUNDLE_EXECUTABLE_FOLDER_PATH)/froot";
			};
			name = Release;
		};
		CA1D92162C2F63B6003E0579 /* Debug */ = {
			isa = XCBuildConfiguration;
			buildSettings = {
				ALWAYS_EMBED_SWIFT_STANDARD_LIBRARIES = YES;
				CODE_SIGN_STYLE = Automatic;
				CURRENT_PROJECT_VERSION = 1;
				GENERATE_INFOPLIST_FILE = YES;
				MARKETING_VERSION = 1.0;
				PRODUCT_BUNDLE_IDENTIFIER = froot.frootUITests;
				PRODUCT_NAME = "$(TARGET_NAME)";
				SWIFT_EMIT_LOC_STRINGS = NO;
				SWIFT_VERSION = 5.0;
				TARGETED_DEVICE_FAMILY = "1,2";
				TEST_TARGET_NAME = froot;
			};
			name = Debug;
		};
		CA1D92172C2F63B6003E0579 /* Release */ = {
			isa = XCBuildConfiguration;
			buildSettings = {
				ALWAYS_EMBED_SWIFT_STANDARD_LIBRARIES = YES;
				CODE_SIGN_STYLE = Automatic;
				CURRENT_PROJECT_VERSION = 1;
				GENERATE_INFOPLIST_FILE = YES;
				MARKETING_VERSION = 1.0;
				PRODUCT_BUNDLE_IDENTIFIER = froot.frootUITests;
				PRODUCT_NAME = "$(TARGET_NAME)";
				SWIFT_EMIT_LOC_STRINGS = NO;
				SWIFT_VERSION = 5.0;
				TARGETED_DEVICE_FAMILY = "1,2";
				TEST_TARGET_NAME = froot;
			};
			name = Release;
		};
/* End XCBuildConfiguration section */

/* Begin XCConfigurationList section */
		CA1D91E62C2F63AA003E0579 /* Build configuration list for PBXProject "froot" */ = {
			isa = XCConfigurationList;
			buildConfigurations = (
				CA1D920D2C2F63B5003E0579 /* Debug */,
				CA1D920E2C2F63B5003E0579 /* Release */,
			);
			defaultConfigurationIsVisible = 0;
			defaultConfigurationName = Release;
		};
		CA1D920F2C2F63B6003E0579 /* Build configuration list for PBXNativeTarget "froot" */ = {
			isa = XCConfigurationList;
			buildConfigurations = (
				CA1D92102C2F63B6003E0579 /* Debug */,
				CA1D92112C2F63B6003E0579 /* Release */,
			);
			defaultConfigurationIsVisible = 0;
			defaultConfigurationName = Release;
		};
		CA1D92122C2F63B6003E0579 /* Build configuration list for PBXNativeTarget "frootTests" */ = {
			isa = XCConfigurationList;
			buildConfigurations = (
				CA1D92132C2F63B6003E0579 /* Debug */,
				CA1D92142C2F63B6003E0579 /* Release */,
			);
			defaultConfigurationIsVisible = 0;
			defaultConfigurationName = Release;
		};
		CA1D92152C2F63B6003E0579 /* Build configuration list for PBXNativeTarget "frootUITests" */ = {
			isa = XCConfigurationList;
			buildConfigurations = (
				CA1D92162C2F63B6003E0579 /* Debug */,
				CA1D92172C2F63B6003E0579 /* Release */,
			);
			defaultConfigurationIsVisible = 0;
			defaultConfigurationName = Release;
		};
/* End XCConfigurationList section */
	};
	rootObject = CA1D91E32C2F63AA003E0579 /* Project object */;
}
